
Microsoft Visual Studio Solution File, Format Version 12.00
# Visual Studio Version 16
VisualStudioVersion = 16.0.31005.135
MinimumVisualStudioVersion = 10.0.40219.1
Project("{FAE04EC0-301F-11D3-BF4B-00C04F79EFBC}") = "Q01", "CSBasic_Week01.solution\Q01.csproj", "{ED05EC15-809C-4707-8486-A8E1F831013B}"
EndProject
Project("{FAE04EC0-301F-11D3-BF4B-00C04F79EFBC}") = "Q01.Tests", "Q01.Tests\Q01.Tests.csproj", "{18A2A023-05CA-45A9-A3F6-0F9C35FDDD37}"
EndProject
Project("{FAE04EC0-301F-11D3-BF4B-00C04F79EFBC}") = "Q02", "Q02\Q02.csproj", "{91C5F87C-ADBD-43DA-822B-DFB770D57377}"
EndProject
Project("{FAE04EC0-301F-11D3-BF4B-00C04F79EFBC}") = "Q02.Tests", "Q02.Tests\Q02.Tests.csproj", "{39257EBE-2962-44D0-87C9-1C5D9C636F2A}"
EndProject
Global
	GlobalSection(SolutionConfigurationPlatforms) = preSolution
		Debug|Any CPU = Debug|Any CPU
		Release|Any CPU = Release|Any CPU
	EndGlobalSection
	GlobalSection(ProjectConfigurationPlatforms) = postSolution
		{ED05EC15-809C-4707-8486-A8E1F831013B}.Debug|Any CPU.ActiveCfg = Debug|Any CPU
		{ED05EC15-809C-4707-8486-A8E1F831013B}.Debug|Any CPU.Build.0 = Debug|Any CPU
		{ED05EC15-809C-4707-8486-A8E1F831013B}.Release|Any CPU.ActiveCfg = Release|Any CPU
		{ED05EC15-809C-4707-8486-A8E1F831013B}.Release|Any CPU.Build.0 = Release|Any CPU
		{18A2A023-05CA-45A9-A3F6-0F9C35FDDD37}.Debug|Any CPU.ActiveCfg = Debug|Any CPU
		{18A2A023-05CA-45A9-A3F6-0F9C35FDDD37}.Debug|Any CPU.Build.0 = Debug|Any CPU
		{18A2A023-05CA-45A9-A3F6-0F9C35FDDD37}.Release|Any CPU.ActiveCfg = Release|Any CPU
		{18A2A023-05CA-45A9-A3F6-0F9C35FDDD37}.Release|Any CPU.Build.0 = Release|Any CPU
		{91C5F87C-ADBD-43DA-822B-DFB770D57377}.Debug|Any CPU.ActiveCfg = Debug|Any CPU
		{91C5F87C-ADBD-43DA-822B-DFB770D57377}.Debug|Any CPU.Build.0 = Debug|Any CPU
		{91C5F87C-ADBD-43DA-822B-DFB770D57377}.Release|Any CPU.ActiveCfg = Release|Any CPU
		{91C5F87C-ADBD-43DA-822B-DFB770D57377}.Release|Any CPU.Build.0 = Release|Any CPU
		{39257EBE-2962-44D0-87C9-1C5D9C636F2A}.Debug|Any CPU.ActiveCfg = Debug|Any CPU
		{39257EBE-2962-44D0-87C9-1C5D9C636F2A}.Debug|Any CPU.Build.0 = Debug|Any CPU
		{39257EBE-2962-44D0-87C9-1C5D9C636F2A}.Release|Any CPU.ActiveCfg = Release|Any CPU
		{39257EBE-2962-44D0-87C9-1C5D9C636F2A}.Release|Any CPU.Build.0 = Release|Any CPU
	EndGlobalSection
	GlobalSection(SolutionProperties) = preSolution
		HideSolutionNode = FALSE
	EndGlobalSection
	GlobalSection(ExtensibilityGlobals) = postSolution
		SolutionGuid = {5BC10E0F-CE53-4229-B1A8-8B09454176A1}
	EndGlobalSection
EndGlobal
